
Microsoft Visual Studio Solution File, Format Version 12.00
# Visual Studio Version 17
VisualStudioVersion = 17.8.34330.188
MinimumVisualStudioVersion = 10.0.40219.1
Project("{FAE04EC0-301F-11D3-BF4B-00C04F79EFBC}") = "Aula_Adoo", "Aula_Adoo\Aula_Adoo.csproj", "{1627BA9B-9522-48C2-B952-BB9396C74359}"
EndProject
Global
	GlobalSection(SolutionConfigurationPlatforms) = preSolution
		Debug|Any CPU = Debug|Any CPU
		Release|Any CPU = Release|Any CPU
	EndGlobalSection
	GlobalSection(ProjectConfigurationPlatforms) = postSolution
		{1627BA9B-9522-48C2-B952-BB9396C74359}.Debug|Any CPU.ActiveCfg = Debug|Any CPU
		{1627BA9B-9522-48C2-B952-BB9396C74359}.Debug|Any CPU.Build.0 = Debug|Any CPU
		{1627BA9B-9522-48C2-B952-BB9396C74359}.Release|Any CPU.ActiveCfg = Release|Any CPU
		{1627BA9B-9522-48C2-B952-BB9396C74359}.Release|Any CPU.Build.0 = Release|Any CPU
	EndGlobalSection
	GlobalSection(SolutionProperties) = preSolution
		HideSolutionNode = FALSE
	EndGlobalSection
	GlobalSection(ExtensibilityGlobals) = postSolution
		SolutionGuid = {D6CD4F17-0CC5-4FE7-9F1C-C0C2977FE64E}
	EndGlobalSection
EndGlobal
